
Microsoft Visual Studio Solution File, Format Version 12.00
# Visual Studio Version 17
VisualStudioVersion = 17.13.35931.197 d17.13
MinimumVisualStudioVersion = 10.0.40219.1
Project("{FAE04EC0-301F-11D3-BF4B-00C04F79EFBC}") = "LA_6_Final", "LA_6_Final\LA_6_Final.csproj", "{59B2A01A-553E-4F91-8A55-5077B2327C5E}"
EndProject
Global
	GlobalSection(SolutionConfigurationPlatforms) = preSolution
		Debug|Any CPU = Debug|Any CPU
		Release|Any CPU = Release|Any CPU
	EndGlobalSection
	GlobalSection(ProjectConfigurationPlatforms) = postSolution
		{59B2A01A-553E-4F91-8A55-5077B2327C5E}.Debug|Any CPU.ActiveCfg = Debug|Any CPU
		{59B2A01A-553E-4F91-8A55-5077B2327C5E}.Debug|Any CPU.Build.0 = Debug|Any CPU
		{59B2A01A-553E-4F91-8A55-5077B2327C5E}.Release|Any CPU.ActiveCfg = Release|Any CPU
		{59B2A01A-553E-4F91-8A55-5077B2327C5E}.Release|Any CPU.Build.0 = Release|Any CPU
	EndGlobalSection
	GlobalSection(SolutionProperties) = preSolution
		HideSolutionNode = FALSE
	EndGlobalSection
	GlobalSection(ExtensibilityGlobals) = postSolution
		SolutionGuid = {85F38157-B402-4304-ADFB-FD2A29F55AC8}
	EndGlobalSection
EndGlobal
